
Microsoft Visual Studio Solution File, Format Version 12.00
# Visual Studio Version 17
VisualStudioVersion = 17.0.31808.319
MinimumVisualStudioVersion = 10.0.40219.1
Project("{8BC9CEB8-8B4A-11D0-8D11-00A0C91BC942}") = "GavinBackendDatasetUtils", "GavinBackendDatasetUtils\GavinBackendDatasetUtils.vcxproj", "{5BEC8C09-A8D6-453D-9658-17A8E4F3BF17}"
EndProject
Global
	GlobalSection(SolutionConfigurationPlatforms) = preSolution
		Debug|x64 = Debug|x64
		Release|x64 = Release|x64
	EndGlobalSection
	GlobalSection(ProjectConfigurationPlatforms) = postSolution
		{5BEC8C09-A8D6-453D-9658-17A8E4F3BF17}.Debug|x64.ActiveCfg = Debug|x64
		{5BEC8C09-A8D6-453D-9658-17A8E4F3BF17}.Debug|x64.Build.0 = Debug|x64
		{5BEC8C09-A8D6-453D-9658-17A8E4F3BF17}.Release|x64.ActiveCfg = Release|x64
		{5BEC8C09-A8D6-453D-9658-17A8E4F3BF17}.Release|x64.Build.0 = Release|x64
	EndGlobalSection
	GlobalSection(SolutionProperties) = preSolution
		HideSolutionNode = FALSE
	EndGlobalSection
	GlobalSection(ExtensibilityGlobals) = postSolution
		SolutionGuid = {F2B568D2-E7E3-429B-AAD4-FCC5BAC32FF7}
	EndGlobalSection
EndGlobal
