
Microsoft Visual Studio Solution File, Format Version 12.00
# Visual Studio Version 16
VisualStudioVersion = 16.0.31313.79
MinimumVisualStudioVersion = 10.0.40219.1
Project("{8BC9CEB8-8B4A-11D0-8D11-00A0C91BC942}") = "LoadTrainData_CudaSupport", "LoadTrainData_CudaSupport\LoadTrainData_CudaSupport.vcxproj", "{5BEC8C09-A8D6-453D-9658-17A8E4F3BF17}"
EndProject
Global
	GlobalSection(SolutionConfigurationPlatforms) = preSolution
		Debug|x64 = Debug|x64
		Release|x64 = Release|x64
	EndGlobalSection
	GlobalSection(ProjectConfigurationPlatforms) = postSolution
		{5BEC8C09-A8D6-453D-9658-17A8E4F3BF17}.Debug|x64.ActiveCfg = Debug|x64
		{5BEC8C09-A8D6-453D-9658-17A8E4F3BF17}.Debug|x64.Build.0 = Debug|x64
		{5BEC8C09-A8D6-453D-9658-17A8E4F3BF17}.Release|x64.ActiveCfg = Release|x64
		{5BEC8C09-A8D6-453D-9658-17A8E4F3BF17}.Release|x64.Build.0 = Release|x64
	EndGlobalSection
	GlobalSection(SolutionProperties) = preSolution
		HideSolutionNode = FALSE
	EndGlobalSection
	GlobalSection(ExtensibilityGlobals) = postSolution
		SolutionGuid = {00C867F7-FCFA-481A-B977-1E628DC78736}
	EndGlobalSection
EndGlobal
