<?xml version="1.0" encoding="utf-8"?>
<Project ToolsVersion="4.0" xmlns="http://schemas.microsoft.com/developer/msbuild/2003">
  <ItemGroup>
    <Filter Include="SourceFiles">
      <UniqueIdentifier>{cbb940db-9452-4554-8567-cde9bc1d9ea7}</UniqueIdentifier>
    </Filter>
    <Filter Include="Header Files">
      <UniqueIdentifier>{4d026325-9af6-4455-a27f-64e8f4f43337}</UniqueIdentifier>
    </Filter>
    <Filter Include="SourceFiles\Legacy">
      <UniqueIdentifier>{25cf9f7c-a606-4433-b382-6074408e64ac}</UniqueIdentifier>
    </Filter>
  </ItemGroup>
  <ItemGroup>
    <ClInclude Include="DataLoader.hpp">
      <Filter>Header Files</Filter>
    </ClInclude>
    <ClInclude Include="base64.hpp">
      <Filter>Header Files</Filter>
    </ClInclude>
  </ItemGroup>
  <ItemGroup>
    <ClCompile Include="DataLoaderMultiThread.cpp">
      <Filter>SourceFiles</Filter>
    </ClCompile>
    <ClCompile Include="DataLoaderSingleThread.cpp">
      <Filter>SourceFiles</Filter>
    </ClCompile>
    <ClCompile Include="DataSetConversions.cpp">
      <Filter>SourceFiles</Filter>
    </ClCompile>
    <ClCompile Include="PythonFuncsDefinitions.cpp">
      <Filter>SourceFiles</Filter>
    </ClCompile>
    <ClCompile Include="DataLoaderLegacySupport.cpp">
      <Filter>SourceFiles\Legacy</Filter>
    </ClCompile>
  </ItemGroup>
  <ItemGroup>
    <CudaCompile Include="DataLoaderGPUAccelerated.cu">
      <Filter>SourceFiles</Filter>
    </CudaCompile>
  </ItemGroup>
</Project>